{
  "name": "devetek-c-profile",
  "version": "1.0.0",
  "lockfileVersion": 1,
  "requires": true,
  "dependencies": {
    "@types/config": {
      "version": "0.0.34",
      "resolved": "https://registry.npmjs.org/@types/config/-/config-0.0.34.tgz",
      "integrity": "sha512-jWi9DXx77hnzN4kHCNEvP/kab+nchRLTg9yjXYxjTcMBkuc5iBb3QuwJ4sPrb+nzy1GQjrfyfMqZOdR4i7opRQ==",
      "dev": true
    }
  }
}
